
Microsoft Visual Studio Solution File, Format Version 12.00
# Visual Studio 2013
VisualStudioVersion = 12.0.30501.0
MinimumVisualStudioVersion = 10.0.40219.1
Project("{FAE04EC0-301F-11D3-BF4B-00C04F79EFBC}") = "ConcurrentQueue", "ConcurrentQueue\ConcurrentQueue.csproj", "{30069920-1E54-45DC-A5AD-287D93B21C99}"
EndProject
Project("{2150E333-8FDC-42A3-9474-1A3956D46DE8}") = "Solution Items", "Solution Items", "{70548B52-778F-4F92-A2A3-0453E1324CA8}"
	ProjectSection(SolutionItems) = preProject
		Performance1.psess = Performance1.psess
	EndProjectSection
EndProject
Global
	GlobalSection(SolutionConfigurationPlatforms) = preSolution
		Debug|Any CPU = Debug|Any CPU
		Release|Any CPU = Release|Any CPU
	EndGlobalSection
	GlobalSection(ProjectConfigurationPlatforms) = postSolution
		{30069920-1E54-45DC-A5AD-287D93B21C99}.Debug|Any CPU.ActiveCfg = Debug|Any CPU
		{30069920-1E54-45DC-A5AD-287D93B21C99}.Debug|Any CPU.Build.0 = Debug|Any CPU
		{30069920-1E54-45DC-A5AD-287D93B21C99}.Release|Any CPU.ActiveCfg = Release|Any CPU
		{30069920-1E54-45DC-A5AD-287D93B21C99}.Release|Any CPU.Build.0 = Release|Any CPU
	EndGlobalSection
	GlobalSection(SolutionProperties) = preSolution
		HideSolutionNode = FALSE
	EndGlobalSection
	GlobalSection(Performance) = preSolution
		HasPerformanceSessions = true
	EndGlobalSection
EndGlobal
